
Microsoft Visual Studio Solution File, Format Version 12.00
# Visual Studio Version 16
VisualStudioVersion = 16.0.31829.152
MinimumVisualStudioVersion = 10.0.40219.1
Project("{FAE04EC0-301F-11D3-BF4B-00C04F79EFBC}") = "WordReverserService", "WordReverserService.csproj", "{C0F6C07B-6A2D-46A2-842D-F93CBB3C26A9}"
EndProject
Global
	GlobalSection(SolutionConfigurationPlatforms) = preSolution
		Debug|Any CPU = Debug|Any CPU
		Release|Any CPU = Release|Any CPU
	EndGlobalSection
	GlobalSection(ProjectConfigurationPlatforms) = postSolution
		{C0F6C07B-6A2D-46A2-842D-F93CBB3C26A9}.Debug|Any CPU.ActiveCfg = Debug|Any CPU
		{C0F6C07B-6A2D-46A2-842D-F93CBB3C26A9}.Debug|Any CPU.Build.0 = Debug|Any CPU
		{C0F6C07B-6A2D-46A2-842D-F93CBB3C26A9}.Release|Any CPU.ActiveCfg = Release|Any CPU
		{C0F6C07B-6A2D-46A2-842D-F93CBB3C26A9}.Release|Any CPU.Build.0 = Release|Any CPU
	EndGlobalSection
	GlobalSection(SolutionProperties) = preSolution
		HideSolutionNode = FALSE
	EndGlobalSection
	GlobalSection(ExtensibilityGlobals) = postSolution
		SolutionGuid = {C9516710-ED45-40D0-A331-EE7E22CE2674}
	EndGlobalSection
EndGlobal
